
Microsoft Visual Studio Solution File, Format Version 12.00
# Visual Studio Version 17
VisualStudioVersion = 17.5.002.0
MinimumVisualStudioVersion = 10.0.40219.1
Project("{9A19103F-16F7-4668-BE54-9A1E7A4F7556}") = "Behavioral_ChainOfResponsability", "Behavioral_ChainOfResponsability.csproj", "{7610DFB4-7EBE-4333-A679-BCB24B0D0A6B}"
EndProject
Global
	GlobalSection(SolutionConfigurationPlatforms) = preSolution
		Debug|Any CPU = Debug|Any CPU
		Release|Any CPU = Release|Any CPU
	EndGlobalSection
	GlobalSection(ProjectConfigurationPlatforms) = postSolution
		{7610DFB4-7EBE-4333-A679-BCB24B0D0A6B}.Debug|Any CPU.ActiveCfg = Debug|Any CPU
		{7610DFB4-7EBE-4333-A679-BCB24B0D0A6B}.Debug|Any CPU.Build.0 = Debug|Any CPU
		{7610DFB4-7EBE-4333-A679-BCB24B0D0A6B}.Release|Any CPU.ActiveCfg = Release|Any CPU
		{7610DFB4-7EBE-4333-A679-BCB24B0D0A6B}.Release|Any CPU.Build.0 = Release|Any CPU
	EndGlobalSection
	GlobalSection(SolutionProperties) = preSolution
		HideSolutionNode = FALSE
	EndGlobalSection
	GlobalSection(ExtensibilityGlobals) = postSolution
		SolutionGuid = {062FC576-A18A-449E-B71F-6BAE6A47632E}
	EndGlobalSection
EndGlobal
